
Microsoft Visual Studio Solution File, Format Version 12.00
# Visual Studio Version 16
VisualStudioVersion = 16.0.34407.143
MinimumVisualStudioVersion = 10.0.40219.1
Project("{FAE04EC0-301F-11D3-BF4B-00C04F79EFBC}") = "Class Method Assignment", "Class Method Assignment\Class Method Assignment.csproj", "{014E07B6-03A5-4123-9D27-206B2D244305}"
EndProject
Global
	GlobalSection(SolutionConfigurationPlatforms) = preSolution
		Debug|Any CPU = Debug|Any CPU
		Release|Any CPU = Release|Any CPU
	EndGlobalSection
	GlobalSection(ProjectConfigurationPlatforms) = postSolution
		{014E07B6-03A5-4123-9D27-206B2D244305}.Debug|Any CPU.ActiveCfg = Debug|Any CPU
		{014E07B6-03A5-4123-9D27-206B2D244305}.Debug|Any CPU.Build.0 = Debug|Any CPU
		{014E07B6-03A5-4123-9D27-206B2D244305}.Release|Any CPU.ActiveCfg = Release|Any CPU
		{014E07B6-03A5-4123-9D27-206B2D244305}.Release|Any CPU.Build.0 = Release|Any CPU
	EndGlobalSection
	GlobalSection(SolutionProperties) = preSolution
		HideSolutionNode = FALSE
	EndGlobalSection
	GlobalSection(ExtensibilityGlobals) = postSolution
		SolutionGuid = {F8D589A5-01B2-4EB3-AEF9-BFC6512308A7}
	EndGlobalSection
EndGlobal
